
Microsoft Visual Studio Solution File, Format Version 12.00
# Visual Studio 15
VisualStudioVersion = 15.0.28307.329
MinimumVisualStudioVersion = 10.0.40219.1
Project("{2150E333-8FDC-42A3-9474-1A3956D46DE8}") = ".build", ".build", "{643974DA-5CF2-40B6-A51F-5D56895A55FB}"
	ProjectSection(SolutionItems) = preProject
		.editorconfig = .editorconfig
		.gitattributes = .gitattributes
		.gitignore = .gitignore
		appveyor.yml = appveyor.yml
		Directory.Build.props = Directory.Build.props
		Directory.Build.targets = Directory.Build.targets
		License.txt = License.txt
		nuget.config = nuget.config
		README.md = README.md
	EndProjectSection
EndProject
Project("{9A19103F-16F7-4668-BE54-9A1E7A4F7556}") = "System.CodeDom.Extensions", "src\System.CodeDom.Extensions\System.CodeDom.Extensions.csproj", "{6EAB690A-B8EA-4836-BAC1-ADC624802DEB}"
EndProject
Project("{FAE04EC0-301F-11D3-BF4B-00C04F79EFBC}") = "ConsoleTester", "src\ConsoleTester\ConsoleTester.csproj", "{7204D86B-E1F6-4765-82BC-0CC076B305C3}"
EndProject
Global
	GlobalSection(SolutionConfigurationPlatforms) = preSolution
		Debug|Any CPU = Debug|Any CPU
		Release|Any CPU = Release|Any CPU
	EndGlobalSection
	GlobalSection(ProjectConfigurationPlatforms) = postSolution
		{6EAB690A-B8EA-4836-BAC1-ADC624802DEB}.Debug|Any CPU.ActiveCfg = Debug|Any CPU
		{6EAB690A-B8EA-4836-BAC1-ADC624802DEB}.Debug|Any CPU.Build.0 = Debug|Any CPU
		{6EAB690A-B8EA-4836-BAC1-ADC624802DEB}.Release|Any CPU.ActiveCfg = Release|Any CPU
		{6EAB690A-B8EA-4836-BAC1-ADC624802DEB}.Release|Any CPU.Build.0 = Release|Any CPU
		{7204D86B-E1F6-4765-82BC-0CC076B305C3}.Debug|Any CPU.ActiveCfg = Debug|Any CPU
		{7204D86B-E1F6-4765-82BC-0CC076B305C3}.Debug|Any CPU.Build.0 = Debug|Any CPU
		{7204D86B-E1F6-4765-82BC-0CC076B305C3}.Release|Any CPU.ActiveCfg = Release|Any CPU
		{7204D86B-E1F6-4765-82BC-0CC076B305C3}.Release|Any CPU.Build.0 = Release|Any CPU
	EndGlobalSection
	GlobalSection(SolutionProperties) = preSolution
		HideSolutionNode = FALSE
	EndGlobalSection
	GlobalSection(ExtensibilityGlobals) = postSolution
		SolutionGuid = {3A654A84-F0E0-4A22-89FB-7CD66F57FD4F}
	EndGlobalSection
EndGlobal
